
Microsoft Visual Studio Solution File, Format Version 12.00
# Visual Studio Version 16
VisualStudioVersion = 16.0.29920.165
MinimumVisualStudioVersion = 10.0.40219.1
Project("{FAE04EC0-301F-11D3-BF4B-00C04F79EFBC}") = "BD_Ab", "BD_Ab\BD_Ab.csproj", "{DAE14114-A0B9-4EFA-914F-2DA2DE308E85}"
EndProject
Global
	GlobalSection(SolutionConfigurationPlatforms) = preSolution
		Debug|Any CPU = Debug|Any CPU
		Release|Any CPU = Release|Any CPU
	EndGlobalSection
	GlobalSection(ProjectConfigurationPlatforms) = postSolution
		{DAE14114-A0B9-4EFA-914F-2DA2DE308E85}.Debug|Any CPU.ActiveCfg = Debug|Any CPU
		{DAE14114-A0B9-4EFA-914F-2DA2DE308E85}.Debug|Any CPU.Build.0 = Debug|Any CPU
		{DAE14114-A0B9-4EFA-914F-2DA2DE308E85}.Release|Any CPU.ActiveCfg = Release|Any CPU
		{DAE14114-A0B9-4EFA-914F-2DA2DE308E85}.Release|Any CPU.Build.0 = Release|Any CPU
	EndGlobalSection
	GlobalSection(SolutionProperties) = preSolution
		HideSolutionNode = FALSE
	EndGlobalSection
	GlobalSection(ExtensibilityGlobals) = postSolution
		SolutionGuid = {16002710-4A9B-4BD0-B485-57E8B0A8F0D8}
	EndGlobalSection
EndGlobal
